<Solution>
  <Folder Name="/Solution Items/">
    <File Path=".editorconfig" />
  </Folder>
  <Project Path="BSolution.Netwise.UsefulAI.DevOpsImpactAnalyzer.App/BSolution.Netwise.UsefulAI.DevOpsImpactAnalyzer.App.csproj" />
  <Project Path="BSolution.Netwise.UsefulAI.DevOpsImpactAnalyzer.Extension/BSolution.Netwise.UsefulAI.DevOpsImpactAnalyzer.Extension.esproj">
    <Build />
    <Deploy />
  </Project>
</Solution>
